
Microsoft Visual Studio Solution File, Format Version 12.00
# Visual Studio Version 16
VisualStudioVersion = 16.0.31729.503
MinimumVisualStudioVersion = 10.0.40219.1
Project("{FAE04EC0-301F-11D3-BF4B-00C04F79EFBC}") = "Presentation", "Presentation\Presentation.csproj", "{DA02D7A8-ABAF-417A-A6A8-3F20A7E94C7A}"
EndProject
Project("{FAE04EC0-301F-11D3-BF4B-00C04F79EFBC}") = "Domain", "Domain\Domain.csproj", "{54173026-A391-40B1-A4EA-99D837FA0529}"
EndProject
Project("{FAE04EC0-301F-11D3-BF4B-00C04F79EFBC}") = "Data", "Data\Data.csproj", "{DF285D54-EBEB-4CF6-84E1-CED882C6A383}"
EndProject
Global
	GlobalSection(SolutionConfigurationPlatforms) = preSolution
		Debug|Any CPU = Debug|Any CPU
		Release|Any CPU = Release|Any CPU
	EndGlobalSection
	GlobalSection(ProjectConfigurationPlatforms) = postSolution
		{DA02D7A8-ABAF-417A-A6A8-3F20A7E94C7A}.Debug|Any CPU.ActiveCfg = Debug|Any CPU
		{DA02D7A8-ABAF-417A-A6A8-3F20A7E94C7A}.Debug|Any CPU.Build.0 = Debug|Any CPU
		{DA02D7A8-ABAF-417A-A6A8-3F20A7E94C7A}.Release|Any CPU.ActiveCfg = Release|Any CPU
		{DA02D7A8-ABAF-417A-A6A8-3F20A7E94C7A}.Release|Any CPU.Build.0 = Release|Any CPU
		{54173026-A391-40B1-A4EA-99D837FA0529}.Debug|Any CPU.ActiveCfg = Debug|Any CPU
		{54173026-A391-40B1-A4EA-99D837FA0529}.Debug|Any CPU.Build.0 = Debug|Any CPU
		{54173026-A391-40B1-A4EA-99D837FA0529}.Release|Any CPU.ActiveCfg = Release|Any CPU
		{54173026-A391-40B1-A4EA-99D837FA0529}.Release|Any CPU.Build.0 = Release|Any CPU
		{DF285D54-EBEB-4CF6-84E1-CED882C6A383}.Debug|Any CPU.ActiveCfg = Debug|Any CPU
		{DF285D54-EBEB-4CF6-84E1-CED882C6A383}.Debug|Any CPU.Build.0 = Debug|Any CPU
		{DF285D54-EBEB-4CF6-84E1-CED882C6A383}.Release|Any CPU.ActiveCfg = Release|Any CPU
		{DF285D54-EBEB-4CF6-84E1-CED882C6A383}.Release|Any CPU.Build.0 = Release|Any CPU
	EndGlobalSection
	GlobalSection(SolutionProperties) = preSolution
		HideSolutionNode = FALSE
	EndGlobalSection
	GlobalSection(ExtensibilityGlobals) = postSolution
		SolutionGuid = {69095B09-2AFC-4B8F-B935-11BAFC8B7457}
	EndGlobalSection
EndGlobal
